
Microsoft Visual Studio Solution File, Format Version 12.00
# Visual Studio Version 16
VisualStudioVersion = 16.0.28803.202
MinimumVisualStudioVersion = 10.0.40219.1
Project("{FAE04EC0-301F-11D3-BF4B-00C04F79EFBC}") = "HTMLcoder", "HTMLcoder.csproj", "{2987AED7-6975-48DA-9196-739CFF283B4C}"
EndProject
Global
	GlobalSection(SolutionConfigurationPlatforms) = preSolution
		Debug|Any CPU = Debug|Any CPU
		Release|Any CPU = Release|Any CPU
	EndGlobalSection
	GlobalSection(ProjectConfigurationPlatforms) = postSolution
		{2987AED7-6975-48DA-9196-739CFF283B4C}.Debug|Any CPU.ActiveCfg = Debug|Any CPU
		{2987AED7-6975-48DA-9196-739CFF283B4C}.Debug|Any CPU.Build.0 = Debug|Any CPU
		{2987AED7-6975-48DA-9196-739CFF283B4C}.Release|Any CPU.ActiveCfg = Release|Any CPU
		{2987AED7-6975-48DA-9196-739CFF283B4C}.Release|Any CPU.Build.0 = Release|Any CPU
	EndGlobalSection
	GlobalSection(SolutionProperties) = preSolution
		HideSolutionNode = FALSE
	EndGlobalSection
	GlobalSection(ExtensibilityGlobals) = postSolution
		SolutionGuid = {EB3D25C8-C337-437E-9A08-1DE142073A61}
	EndGlobalSection
EndGlobal
